// !$*UTF8*$!
{
	archiveVersion = 1;
	classes = {
	};
	objectVersion = 46;
	objects = {

/* Begin PBXBuildFile section */
		95AB1EF2E1C0E2325BE21EEC /* Pods_Sound_Color.framework in Frameworks */ = {isa = PBXBuildFile; fileRef = ADEC01D47E4033C7E87FF446 /* Pods_Sound_Color.framework */; };
		C03324111CC56B96001CCEF1 /* AppDelegate.swift in Sources */ = {isa = PBXBuildFile; fileRef = C03324101CC56B96001CCEF1 /* AppDelegate.swift */; };
		C03324131CC56B96001CCEF1 /* ViewController.swift in Sources */ = {isa = PBXBuildFile; fileRef = C03324121CC56B96001CCEF1 /* ViewController.swift */; };
		C03324161CC56B96001CCEF1 /* Main.storyboard in Resources */ = {isa = PBXBuildFile; fileRef = C03324141CC56B96001CCEF1 /* Main.storyboard */; };
		C03324181CC56B96001CCEF1 /* Assets.xcassets in Resources */ = {isa = PBXBuildFile; fileRef = C03324171CC56B96001CCEF1 /* Assets.xcassets */; };
		C033241B1CC56B96001CCEF1 /* LaunchScreen.storyboard in Resources */ = {isa = PBXBuildFile; fileRef = C03324191CC56B96001CCEF1 /* LaunchScreen.storyboard */; };
		C03324261CC56B96001CCEF1 /* Sound_ColorTests.swift in Sources */ = {isa = PBXBuildFile; fileRef = C03324251CC56B96001CCEF1 /* Sound_ColorTests.swift */; };
		C03324311CC56B96001CCEF1 /* Sound_ColorUITests.swift in Sources */ = {isa = PBXBuildFile; fileRef = C03324301CC56B96001CCEF1 /* Sound_ColorUITests.swift */; };
		C03324451CC5833D001CCEF1 /* spark.png in Resources */ = {isa = PBXBuildFile; fileRef = C03324431CC5833D001CCEF1 /* spark.png */; };
		C03324481CC59C4C001CCEF1 /* MyParticle.sks in Resources */ = {isa = PBXBuildFile; fileRef = C03324461CC59C4C001CCEF1 /* MyParticle.sks */; };
		C03324491CC59C4C001CCEF1 /* bokeh.png in Resources */ = {isa = PBXBuildFile; fileRef = C03324471CC59C4C001CCEF1 /* bokeh.png */; };
		C033244B1CC59E75001CCEF1 /* mib_bg2.png in Resources */ = {isa = PBXBuildFile; fileRef = C033244A1CC59E75001CCEF1 /* mib_bg2.png */; };
/* End PBXBuildFile section */

/* Begin PBXContainerItemProxy section */
		C03324221CC56B96001CCEF1 /* PBXContainerItemProxy */ = {
			isa = PBXContainerItemProxy;
			containerPortal = C03324051CC56B96001CCEF1 /* Project object */;
			proxyType = 1;
			remoteGlobalIDString = C033240C1CC56B96001CCEF1;
			remoteInfo = "Sound Color";
		};
		C033242D1CC56B96001CCEF1 /* PBXContainerItemProxy */ = {
			isa = PBXContainerItemProxy;
			containerPortal = C03324051CC56B96001CCEF1 /* Project object */;
			proxyType = 1;
			remoteGlobalIDString = C033240C1CC56B96001CCEF1;
			remoteInfo = "Sound Color";
		};
/* End PBXContainerItemProxy section */

/* Begin PBXFileReference section */
		63EF416E6A5946A1BF714EA7 /* Pods-Sound Color.release.xcconfig */ = {isa = PBXFileReference; includeInIndex = 1; lastKnownFileType = text.xcconfig; name = "Pods-Sound Color.release.xcconfig"; path = "Pods/Target Support Files/Pods-Sound Color/Pods-Sound Color.release.xcconfig"; sourceTree = "<group>"; };
		ADEC01D47E4033C7E87FF446 /* Pods_Sound_Color.framework */ = {isa = PBXFileReference; explicitFileType = wrapper.framework; includeInIndex = 0; path = Pods_Sound_Color.framework; sourceTree = BUILT_PRODUCTS_DIR; };
		C033240D1CC56B96001CCEF1 /* Sound Color.app */ = {isa = PBXFileReference; explicitFileType = wrapper.application; includeInIndex = 0; path = "Sound Color.app"; sourceTree = BUILT_PRODUCTS_DIR; };
		C03324101CC56B96001CCEF1 /* AppDelegate.swift */ = {isa = PBXFileReference; lastKnownFileType = sourcecode.swift; path = AppDelegate.swift; sourceTree = "<group>"; };
		C03324121CC56B96001CCEF1 /* ViewController.swift */ = {isa = PBXFileReference; lastKnownFileType = sourcecode.swift; path = ViewController.swift; sourceTree = "<group>"; };
		C03324151CC56B96001CCEF1 /* Base */ = {isa = PBXFileReference; lastKnownFileType = file.storyboard; name = Base; path = Base.lproj/Main.storyboard; sourceTree = "<group>"; };
		C03324171CC56B96001CCEF1 /* Assets.xcassets */ = {isa = PBXFileReference; lastKnownFileType = folder.assetcatalog; path = Assets.xcassets; sourceTree = "<group>"; };
		C033241A1CC56B96001CCEF1 /* Base */ = {isa = PBXFileReference; lastKnownFileType = file.storyboard; name = Base; path = Base.lproj/LaunchScreen.storyboard; sourceTree = "<group>"; };
		C033241C1CC56B96001CCEF1 /* Info.plist */ = {isa = PBXFileReference; lastKnownFileType = text.plist.xml; path = Info.plist; sourceTree = "<group>"; };
		C03324211CC56B96001CCEF1 /* Sound ColorTests.xctest */ = {isa = PBXFileReference; explicitFileType = wrapper.cfbundle; includeInIndex = 0; path = "Sound ColorTests.xctest"; sourceTree = BUILT_PRODUCTS_DIR; };
		C03324251CC56B96001CCEF1 /* Sound_ColorTests.swift */ = {isa = PBXFileReference; lastKnownFileType = sourcecode.swift; path = Sound_ColorTests.swift; sourceTree = "<group>"; };
		C03324271CC56B96001CCEF1 /* Info.plist */ = {isa = PBXFileReference; lastKnownFileType = text.plist.xml; path = Info.plist; sourceTree = "<group>"; };
		C033242C1CC56B96001CCEF1 /* Sound ColorUITests.xctest */ = {isa = PBXFileReference; explicitFileType = wrapper.cfbundle; includeInIndex = 0; path = "Sound ColorUITests.xctest"; sourceTree = BUILT_PRODUCTS_DIR; };
		C03324301CC56B96001CCEF1 /* Sound_ColorUITests.swift */ = {isa = PBXFileReference; lastKnownFileType = sourcecode.swift; path = Sound_ColorUITests.swift; sourceTree = "<group>"; };
		C03324321CC56B96001CCEF1 /* Info.plist */ = {isa = PBXFileReference; lastKnownFileType = text.plist.xml; path = Info.plist; sourceTree = "<group>"; };
		C033243E1CC56BC3001CCEF1 /* CoreAudioKit.framework */ = {isa = PBXFileReference; lastKnownFileType = wrapper.framework; name = CoreAudioKit.framework; path = System/Library/Frameworks/CoreAudioKit.framework; sourceTree = SDKROOT; };
		C03324431CC5833D001CCEF1 /* spark.png */ = {isa = PBXFileReference; lastKnownFileType = image.png; path = spark.png; sourceTree = "<group>"; };
		C03324461CC59C4C001CCEF1 /* MyParticle.sks */ = {isa = PBXFileReference; lastKnownFileType = file.sks; path = MyParticle.sks; sourceTree = "<group>"; };
		C03324471CC59C4C001CCEF1 /* bokeh.png */ = {isa = PBXFileReference; lastKnownFileType = image.png; path = bokeh.png; sourceTree = "<group>"; };
		C033244A1CC59E75001CCEF1 /* mib_bg2.png */ = {isa = PBXFileReference; lastKnownFileType = image.png; path = mib_bg2.png; sourceTree = "<group>"; };
		EB850B75DB29E68D528D6E92 /* Pods-Sound Color.debug.xcconfig */ = {isa = PBXFileReference; includeInIndex = 1; lastKnownFileType = text.xcconfig; name = "Pods-Sound Color.debug.xcconfig"; path = "Pods/Target Support Files/Pods-Sound Color/Pods-Sound Color.debug.xcconfig"; sourceTree = "<group>"; };
/* End PBXFileReference section */

/* Begin PBXFrameworksBuildPhase section */
		C033240A1CC56B96001CCEF1 /* Frameworks */ = {
			isa = PBXFrameworksBuildPhase;
			buildActionMask = 2147483647;
			files = (
				95AB1EF2E1C0E2325BE21EEC /* Pods_Sound_Color.framework in Frameworks */,
			);
			runOnlyForDeploymentPostprocessing = 0;
		};
		C033241E1CC56B96001CCEF1 /* Frameworks */ = {
			isa = PBXFrameworksBuildPhase;
			buildActionMask = 2147483647;
			files = (
			);
			runOnlyForDeploymentPostprocessing = 0;
		};
		C03324291CC56B96001CCEF1 /* Frameworks */ = {
			isa = PBXFrameworksBuildPhase;
			buildActionMask = 2147483647;
			files = (
			);
			runOnlyForDeploymentPostprocessing = 0;
		};
/* End PBXFrameworksBuildPhase section */

/* Begin PBXGroup section */
		00318EE5D18CB5EA7C0E2913 /* Pods */ = {
			isa = PBXGroup;
			children = (
				EB850B75DB29E68D528D6E92 /* Pods-Sound Color.debug.xcconfig */,
				63EF416E6A5946A1BF714EA7 /* Pods-Sound Color.release.xcconfig */,
			);
			name = Pods;
			sourceTree = "<group>";
		};
		9B8FAC982979E88A5A224A6F /* Frameworks */ = {
			isa = PBXGroup;
			children = (
				ADEC01D47E4033C7E87FF446 /* Pods_Sound_Color.framework */,
			);
			name = Frameworks;
			sourceTree = "<group>";
		};
		C03324041CC56B96001CCEF1 = {
			isa = PBXGroup;
			children = (
				C033243E1CC56BC3001CCEF1 /* CoreAudioKit.framework */,
				C033240F1CC56B96001CCEF1 /* Sound Color */,
				C03324241CC56B96001CCEF1 /* Sound ColorTests */,
				C033242F1CC56B96001CCEF1 /* Sound ColorUITests */,
				C033240E1CC56B96001CCEF1 /* Products */,
				00318EE5D18CB5EA7C0E2913 /* Pods */,
				9B8FAC982979E88A5A224A6F /* Frameworks */,
			);
			sourceTree = "<group>";
		};
		C033240E1CC56B96001CCEF1 /* Products */ = {
			isa = PBXGroup;
			children = (
				C033240D1CC56B96001CCEF1 /* Sound Color.app */,
				C03324211CC56B96001CCEF1 /* Sound ColorTests.xctest */,
				C033242C1CC56B96001CCEF1 /* Sound ColorUITests.xctest */,
			);
			name = Products;
			sourceTree = "<group>";
		};
		C033240F1CC56B96001CCEF1 /* Sound Color */ = {
			isa = PBXGroup;
			children = (
				C03324101CC56B96001CCEF1 /* AppDelegate.swift */,
				C03324121CC56B96001CCEF1 /* ViewController.swift */,
				C03324141CC56B96001CCEF1 /* Main.storyboard */,
				C03324171CC56B96001CCEF1 /* Assets.xcassets */,
				C03324191CC56B96001CCEF1 /* LaunchScreen.storyboard */,
				C033241C1CC56B96001CCEF1 /* Info.plist */,
				C033244C1CC5CC34001CCEF1 /* Images */,
			);
			path = "Sound Color";
			sourceTree = "<group>";
		};
		C03324241CC56B96001CCEF1 /* Sound ColorTests */ = {
			isa = PBXGroup;
			children = (
				C03324251CC56B96001CCEF1 /* Sound_ColorTests.swift */,
				C03324271CC56B96001CCEF1 /* Info.plist */,
			);
			path = "Sound ColorTests";
			sourceTree = "<group>";
		};
		C033242F1CC56B96001CCEF1 /* Sound ColorUITests */ = {
			isa = PBXGroup;
			children = (
				C03324301CC56B96001CCEF1 /* Sound_ColorUITests.swift */,
				C03324321CC56B96001CCEF1 /* Info.plist */,
			);
			path = "Sound ColorUITests";
			sourceTree = "<group>";
		};
		C033244C1CC5CC34001CCEF1 /* Images */ = {
			isa = PBXGroup;
			children = (
				C03324471CC59C4C001CCEF1 /* bokeh.png */,
				C03324431CC5833D001CCEF1 /* spark.png */,
				C033244A1CC59E75001CCEF1 /* mib_bg2.png */,
				C03324461CC59C4C001CCEF1 /* MyParticle.sks */,
			);
			name = Images;
			sourceTree = "<group>";
		};
/* End PBXGroup section */

/* Begin PBXNativeTarget section */
		C033240C1CC56B96001CCEF1 /* Sound Color */ = {
			isa = PBXNativeTarget;
			buildConfigurationList = C03324351CC56B96001CCEF1 /* Build configuration list for PBXNativeTarget "Sound Color" */;
			buildPhases = (
				041D1D704BE8F1C94DE3A943 /* Check Pods Manifest.lock */,
				C03324091CC56B96001CCEF1 /* Sources */,
				C033240A1CC56B96001CCEF1 /* Frameworks */,
				C033240B1CC56B96001CCEF1 /* Resources */,
				E11D57F0D1DB8DEEFC1A044D /* Embed Pods Frameworks */,
				E6511784098BBA39D099B03C /* Copy Pods Resources */,
			);
			buildRules = (
			);
			dependencies = (
			);
			name = "Sound Color";
			productName = "Sound Color";
			productReference = C033240D1CC56B96001CCEF1 /* Sound Color.app */;
			productType = "com.apple.product-type.application";
		};
		C03324201CC56B96001CCEF1 /* Sound ColorTests */ = {
			isa = PBXNativeTarget;
			buildConfigurationList = C03324381CC56B96001CCEF1 /* Build configuration list for PBXNativeTarget "Sound ColorTests" */;
			buildPhases = (
				C033241D1CC56B96001CCEF1 /* Sources */,
				C033241E1CC56B96001CCEF1 /* Frameworks */,
				C033241F1CC56B96001CCEF1 /* Resources */,
			);
			buildRules = (
			);
			dependencies = (
				C03324231CC56B96001CCEF1 /* PBXTargetDependency */,
			);
			name = "Sound ColorTests";
			productName = "Sound ColorTests";
			productReference = C03324211CC56B96001CCEF1 /* Sound ColorTests.xctest */;
			productType = "com.apple.product-type.bundle.unit-test";
		};
		C033242B1CC56B96001CCEF1 /* Sound ColorUITests */ = {
			isa = PBXNativeTarget;
			buildConfigurationList = C033243B1CC56B96001CCEF1 /* Build configuration list for PBXNativeTarget "Sound ColorUITests" */;
			buildPhases = (
				C03324281CC56B96001CCEF1 /* Sources */,
				C03324291CC56B96001CCEF1 /* Frameworks */,
				C033242A1CC56B96001CCEF1 /* Resources */,
			);
			buildRules = (
			);
			dependencies = (
				C033242E1CC56B96001CCEF1 /* PBXTargetDependency */,
			);
			name = "Sound ColorUITests";
			productName = "Sound ColorUITests";
			productReference = C033242C1CC56B96001CCEF1 /* Sound ColorUITests.xctest */;
			productType = "com.apple.product-type.bundle.ui-testing";
		};
/* End PBXNativeTarget section */

/* Begin PBXProject section */
		C03324051CC56B96001CCEF1 /* Project object */ = {
			isa = PBXProject;
			attributes = {
				LastSwiftUpdateCheck = 0730;
				LastUpgradeCheck = 0730;
				ORGANIZATIONNAME = "Gabriel Leyva Merino";
				TargetAttributes = {
					C033240C1CC56B96001CCEF1 = {
						CreatedOnToolsVersion = 7.3;
					};
					C03324201CC56B96001CCEF1 = {
						CreatedOnToolsVersion = 7.3;
						TestTargetID = C033240C1CC56B96001CCEF1;
					};
					C033242B1CC56B96001CCEF1 = {
						CreatedOnToolsVersion = 7.3;
						TestTargetID = C033240C1CC56B96001CCEF1;
					};
				};
			};
			buildConfigurationList = C03324081CC56B96001CCEF1 /* Build configuration list for PBXProject "Sound Color" */;
			compatibilityVersion = "Xcode 3.2";
			developmentRegion = English;
			hasScannedForEncodings = 0;
			knownRegions = (
				en,
				Base,
			);
			mainGroup = C03324041CC56B96001CCEF1;
			productRefGroup = C033240E1CC56B96001CCEF1 /* Products */;
			projectDirPath = "";
			projectRoot = "";
			targets = (
				C033240C1CC56B96001CCEF1 /* Sound Color */,
				C03324201CC56B96001CCEF1 /* Sound ColorTests */,
				C033242B1CC56B96001CCEF1 /* Sound ColorUITests */,
			);
		};
/* End PBXProject section */

/* Begin PBXResourcesBuildPhase section */
		C033240B1CC56B96001CCEF1 /* Resources */ = {
			isa = PBXResourcesBuildPhase;
			buildActionMask = 2147483647;
			files = (
				C03324451CC5833D001CCEF1 /* spark.png in Resources */,
				C033244B1CC59E75001CCEF1 /* mib_bg2.png in Resources */,
				C033241B1CC56B96001CCEF1 /* LaunchScreen.storyboard in Resources */,
				C03324181CC56B96001CCEF1 /* Assets.xcassets in Resources */,
				C03324161CC56B96001CCEF1 /* Main.storyboard in Resources */,
				C03324481CC59C4C001CCEF1 /* MyParticle.sks in Resources */,
				C03324491CC59C4C001CCEF1 /* bokeh.png in Resources */,
			);
			runOnlyForDeploymentPostprocessing = 0;
		};
		C033241F1CC56B96001CCEF1 /* Resources */ = {
			isa = PBXResourcesBuildPhase;
			buildActionMask = 2147483647;
			files = (
			);
			runOnlyForDeploymentPostprocessing = 0;
		};
		C033242A1CC56B96001CCEF1 /* Resources */ = {
			isa = PBXResourcesBuildPhase;
			buildActionMask = 2147483647;
			files = (
			);
			runOnlyForDeploymentPostprocessing = 0;
		};
/* End PBXResourcesBuildPhase section */

/* Begin PBXShellScriptBuildPhase section */
		041D1D704BE8F1C94DE3A943 /* Check Pods Manifest.lock */ = {
			isa = PBXShellScriptBuildPhase;
			buildActionMask = 2147483647;
			files = (
			);
			inputPaths = (
			);
			name = "Check Pods Manifest.lock";
			outputPaths = (
			);
			runOnlyForDeploymentPostprocessing = 0;
			shellPath = /bin/sh;
			shellScript = "diff \"${PODS_ROOT}/../Podfile.lock\" \"${PODS_ROOT}/Manifest.lock\" > /dev/null\nif [[ $? != 0 ]] ; then\n    cat << EOM\nerror: The sandbox is not in sync with the Podfile.lock. Run 'pod install' or update your CocoaPods installation.\nEOM\n    exit 1\nfi\n";
			showEnvVarsInLog = 0;
		};
		E11D57F0D1DB8DEEFC1A044D /* Embed Pods Frameworks */ = {
			isa = PBXShellScriptBuildPhase;
			buildActionMask = 2147483647;
			files = (
			);
			inputPaths = (
			);
			name = "Embed Pods Frameworks";
			outputPaths = (
			);
			runOnlyForDeploymentPostprocessing = 0;
			shellPath = /bin/sh;
			shellScript = "\"${SRCROOT}/Pods/Target Support Files/Pods-Sound Color/Pods-Sound Color-frameworks.sh\"\n";
			showEnvVarsInLog = 0;
		};
		E6511784098BBA39D099B03C /* Copy Pods Resources */ = {
			isa = PBXShellScriptBuildPhase;
			buildActionMask = 2147483647;
			files = (
			);
			inputPaths = (
			);
			name = "Copy Pods Resources";
			outputPaths = (
			);
			runOnlyForDeploymentPostprocessing = 0;
			shellPath = /bin/sh;
			shellScript = "\"${SRCROOT}/Pods/Target Support Files/Pods-Sound Color/Pods-Sound Color-resources.sh\"\n";
			showEnvVarsInLog = 0;
		};
/* End PBXShellScriptBuildPhase section */

/* Begin PBXSourcesBuildPhase section */
		C03324091CC56B96001CCEF1 /* Sources */ = {
			isa = PBXSourcesBuildPhase;
			buildActionMask = 2147483647;
			files = (
				C03324131CC56B96001CCEF1 /* ViewController.swift in Sources */,
				C03324111CC56B96001CCEF1 /* AppDelegate.swift in Sources */,
			);
			runOnlyForDeploymentPostprocessing = 0;
		};
		C033241D1CC56B96001CCEF1 /* Sources */ = {
			isa = PBXSourcesBuildPhase;
			buildActionMask = 2147483647;
			files = (
				C03324261CC56B96001CCEF1 /* Sound_ColorTests.swift in Sources */,
			);
			runOnlyForDeploymentPostprocessing = 0;
		};
		C03324281CC56B96001CCEF1 /* Sources */ = {
			isa = PBXSourcesBuildPhase;
			buildActionMask = 2147483647;
			files = (
				C03324311CC56B96001CCEF1 /* Sound_ColorUITests.swift in Sources */,
			);
			runOnlyForDeploymentPostprocessing = 0;
		};
/* End PBXSourcesBuildPhase section */

/* Begin PBXTargetDependency section */
		C03324231CC56B96001CCEF1 /* PBXTargetDependency */ = {
			isa = PBXTargetDependency;
			target = C033240C1CC56B96001CCEF1 /* Sound Color */;
			targetProxy = C03324221CC56B96001CCEF1 /* PBXContainerItemProxy */;
		};
		C033242E1CC56B96001CCEF1 /* PBXTargetDependency */ = {
			isa = PBXTargetDependency;
			target = C033240C1CC56B96001CCEF1 /* Sound Color */;
			targetProxy = C033242D1CC56B96001CCEF1 /* PBXContainerItemProxy */;
		};
/* End PBXTargetDependency section */

/* Begin PBXVariantGroup section */
		C03324141CC56B96001CCEF1 /* Main.storyboard */ = {
			isa = PBXVariantGroup;
			children = (
				C03324151CC56B96001CCEF1 /* Base */,
			);
			name = Main.storyboard;
			sourceTree = "<group>";
		};
		C03324191CC56B96001CCEF1 /* LaunchScreen.storyboard */ = {
			isa = PBXVariantGroup;
			children = (
				C033241A1CC56B96001CCEF1 /* Base */,
			);
			name = LaunchScreen.storyboard;
			sourceTree = "<group>";
		};
/* End PBXVariantGroup section */

/* Begin XCBuildConfiguration section */
		C03324331CC56B96001CCEF1 /* Debug */ = {
			isa = XCBuildConfiguration;
			buildSettings = {
				ALWAYS_SEARCH_USER_PATHS = NO;
				CLANG_ANALYZER_NONNULL = YES;
				CLANG_CXX_LANGUAGE_STANDARD = "gnu++0x";
				CLANG_CXX_LIBRARY = "libc++";
				CLANG_ENABLE_MODULES = YES;
				CLANG_ENABLE_OBJC_ARC = YES;
				CLANG_WARN_BOOL_CONVERSION = YES;
				CLANG_WARN_CONSTANT_CONVERSION = YES;
				CLANG_WARN_DIRECT_OBJC_ISA_USAGE = YES_ERROR;
				CLANG_WARN_EMPTY_BODY = YES;
				CLANG_WARN_ENUM_CONVERSION = YES;
				CLANG_WARN_INT_CONVERSION = YES;
				CLANG_WARN_OBJC_ROOT_CLASS = YES_ERROR;
				CLANG_WARN_UNREACHABLE_CODE = YES;
				CLANG_WARN__DUPLICATE_METHOD_MATCH = YES;
				"CODE_SIGN_IDENTITY[sdk=iphoneos*]" = "iPhone Developer";
				COPY_PHASE_STRIP = NO;
				DEBUG_INFORMATION_FORMAT = dwarf;
				ENABLE_STRICT_OBJC_MSGSEND = YES;
				ENABLE_TESTABILITY = YES;
				GCC_C_LANGUAGE_STANDARD = gnu99;
				GCC_DYNAMIC_NO_PIC = NO;
				GCC_NO_COMMON_BLOCKS = YES;
				GCC_OPTIMIZATION_LEVEL = 0;
				GCC_PREPROCESSOR_DEFINITIONS = (
					"DEBUG=1",
					"$(inherited)",
				);
				GCC_WARN_64_TO_32_BIT_CONVERSION = YES;
				GCC_WARN_ABOUT_RETURN_TYPE = YES_ERROR;
				GCC_WARN_UNDECLARED_SELECTOR = YES;
				GCC_WARN_UNINITIALIZED_AUTOS = YES_AGGRESSIVE;
				GCC_WARN_UNUSED_FUNCTION = YES;
				GCC_WARN_UNUSED_VARIABLE = YES;
				IPHONEOS_DEPLOYMENT_TARGET = 9.3;
				MTL_ENABLE_DEBUG_INFO = YES;
				ONLY_ACTIVE_ARCH = YES;
				SDKROOT = iphoneos;
				SWIFT_OPTIMIZATION_LEVEL = "-Onone";
			};
			name = Debug;
		};
		C03324341CC56B96001CCEF1 /* Release */ = {
			isa = XCBuildConfiguration;
			buildSettings = {
				ALWAYS_SEARCH_USER_PATHS = NO;
				CLANG_ANALYZER_NONNULL = YES;
				CLANG_CXX_LANGUAGE_STANDARD = "gnu++0x";
				CLANG_CXX_LIBRARY = "libc++";
				CLANG_ENABLE_MODULES = YES;
				CLANG_ENABLE_OBJC_ARC = YES;
				CLANG_WARN_BOOL_CONVERSION = YES;
				CLANG_WARN_CONSTANT_CONVERSION = YES;
				CLANG_WARN_DIRECT_OBJC_ISA_USAGE = YES_ERROR;
				CLANG_WARN_EMPTY_BODY = YES;
				CLANG_WARN_ENUM_CONVERSION = YES;
				CLANG_WARN_INT_CONVERSION = YES;
				CLANG_WARN_OBJC_ROOT_CLASS = YES_ERROR;
				CLANG_WARN_UNREACHABLE_CODE = YES;
				CLANG_WARN__DUPLICATE_METHOD_MATCH = YES;
				"CODE_SIGN_IDENTITY[sdk=iphoneos*]" = "iPhone Developer";
				COPY_PHASE_STRIP = NO;
				DEBUG_INFORMATION_FORMAT = "dwarf-with-dsym";
				ENABLE_NS_ASSERTIONS = NO;
				ENABLE_STRICT_OBJC_MSGSEND = YES;
				GCC_C_LANGUAGE_STANDARD = gnu99;
				GCC_NO_COMMON_BLOCKS = YES;
				GCC_WARN_64_TO_32_BIT_CONVERSION = YES;
				GCC_WARN_ABOUT_RETURN_TYPE = YES_ERROR;
				GCC_WARN_UNDECLARED_SELECTOR = YES;
				GCC_WARN_UNINITIALIZED_AUTOS = YES_AGGRESSIVE;
				GCC_WARN_UNUSED_FUNCTION = YES;
				GCC_WARN_UNUSED_VARIABLE = YES;
				IPHONEOS_DEPLOYMENT_TARGET = 9.3;
				MTL_ENABLE_DEBUG_INFO = NO;
				SDKROOT = iphoneos;
				VALIDATE_PRODUCT = YES;
			};
			name = Release;
		};
		C03324361CC56B96001CCEF1 /* Debug */ = {
			isa = XCBuildConfiguration;
			baseConfigurationReference = EB850B75DB29E68D528D6E92 /* Pods-Sound Color.debug.xcconfig */;
			buildSettings = {
				ASSETCATALOG_COMPILER_APPICON_NAME = AppIcon;
				INFOPLIST_FILE = "Sound Color/Info.plist";
				LD_RUNPATH_SEARCH_PATHS = "$(inherited) @executable_path/Frameworks";
				PRODUCT_BUNDLE_IDENTIFIER = "com.LeyvaMerino.Sound-Color";
				PRODUCT_NAME = "$(TARGET_NAME)";
			};
			name = Debug;
		};
		C03324371CC56B96001CCEF1 /* Release */ = {
			isa = XCBuildConfiguration;
			baseConfigurationReference = 63EF416E6A5946A1BF714EA7 /* Pods-Sound Color.release.xcconfig */;
			buildSettings = {
				ASSETCATALOG_COMPILER_APPICON_NAME = AppIcon;
				INFOPLIST_FILE = "Sound Color/Info.plist";
				LD_RUNPATH_SEARCH_PATHS = "$(inherited) @executable_path/Frameworks";
				PRODUCT_BUNDLE_IDENTIFIER = "com.LeyvaMerino.Sound-Color";
				PRODUCT_NAME = "$(TARGET_NAME)";
			};
			name = Release;
		};
		C03324391CC56B96001CCEF1 /* Debug */ = {
			isa = XCBuildConfiguration;
			buildSettings = {
				BUNDLE_LOADER = "$(TEST_HOST)";
				INFOPLIST_FILE = "Sound ColorTests/Info.plist";
				LD_RUNPATH_SEARCH_PATHS = "$(inherited) @executable_path/Frameworks @loader_path/Frameworks";
				PRODUCT_BUNDLE_IDENTIFIER = "com.LeyvaMerino.Sound-ColorTests";
				PRODUCT_NAME = "$(TARGET_NAME)";
				TEST_HOST = "$(BUILT_PRODUCTS_DIR)/Sound Color.app/Sound Color";
			};
			name = Debug;
		};
		C033243A1CC56B96001CCEF1 /* Release */ = {
			isa = XCBuildConfiguration;
			buildSettings = {
				BUNDLE_LOADER = "$(TEST_HOST)";
				INFOPLIST_FILE = "Sound ColorTests/Info.plist";
				LD_RUNPATH_SEARCH_PATHS = "$(inherited) @executable_path/Frameworks @loader_path/Frameworks";
				PRODUCT_BUNDLE_IDENTIFIER = "com.LeyvaMerino.Sound-ColorTests";
				PRODUCT_NAME = "$(TARGET_NAME)";
				TEST_HOST = "$(BUILT_PRODUCTS_DIR)/Sound Color.app/Sound Color";
			};
			name = Release;
		};
		C033243C1CC56B96001CCEF1 /* Debug */ = {
			isa = XCBuildConfiguration;
			buildSettings = {
				INFOPLIST_FILE = "Sound ColorUITests/Info.plist";
				LD_RUNPATH_SEARCH_PATHS = "$(inherited) @executable_path/Frameworks @loader_path/Frameworks";
				PRODUCT_BUNDLE_IDENTIFIER = "com.LeyvaMerino.Sound-ColorUITests";
				PRODUCT_NAME = "$(TARGET_NAME)";
				TEST_TARGET_NAME = "Sound Color";
			};
			name = Debug;
		};
		C033243D1CC56B96001CCEF1 /* Release */ = {
			isa = XCBuildConfiguration;
			buildSettings = {
				INFOPLIST_FILE = "Sound ColorUITests/Info.plist";
				LD_RUNPATH_SEARCH_PATHS = "$(inherited) @executable_path/Frameworks @loader_path/Frameworks";
				PRODUCT_BUNDLE_IDENTIFIER = "com.LeyvaMerino.Sound-ColorUITests";
				PRODUCT_NAME = "$(TARGET_NAME)";
				TEST_TARGET_NAME = "Sound Color";
			};
			name = Release;
		};
/* End XCBuildConfiguration section */

/* Begin XCConfigurationList section */
		C03324081CC56B96001CCEF1 /* Build configuration list for PBXProject "Sound Color" */ = {
			isa = XCConfigurationList;
			buildConfigurations = (
				C03324331CC56B96001CCEF1 /* Debug */,
				C03324341CC56B96001CCEF1 /* Release */,
			);
			defaultConfigurationIsVisible = 0;
			defaultConfigurationName = Release;
		};
		C03324351CC56B96001CCEF1 /* Build configuration list for PBXNativeTarget "Sound Color" */ = {
			isa = XCConfigurationList;
			buildConfigurations = (
				C03324361CC56B96001CCEF1 /* Debug */,
				C03324371CC56B96001CCEF1 /* Release */,
			);
			defaultConfigurationIsVisible = 0;
			defaultConfigurationName = Release;
		};
		C03324381CC56B96001CCEF1 /* Build configuration list for PBXNativeTarget "Sound ColorTests" */ = {
			isa = XCConfigurationList;
			buildConfigurations = (
				C03324391CC56B96001CCEF1 /* Debug */,
				C033243A1CC56B96001CCEF1 /* Release */,
			);
			defaultConfigurationIsVisible = 0;
			defaultConfigurationName = Release;
		};
		C033243B1CC56B96001CCEF1 /* Build configuration list for PBXNativeTarget "Sound ColorUITests" */ = {
			isa = XCConfigurationList;
			buildConfigurations = (
				C033243C1CC56B96001CCEF1 /* Debug */,
				C033243D1CC56B96001CCEF1 /* Release */,
			);
			defaultConfigurationIsVisible = 0;
			defaultConfigurationName = Release;
		};
/* End XCConfigurationList section */
	};
	rootObject = C03324051CC56B96001CCEF1 /* Project object */;
}
